
Microsoft Visual Studio Solution File, Format Version 12.00
# Visual Studio Version 17
VisualStudioVersion = 17.14.36221.1 d17.14
MinimumVisualStudioVersion = 10.0.40219.1
Project("{FAE04EC0-301F-11D3-BF4B-00C04F79EFBC}") = "CataclysmCalc", "CataclysmCalc\CataclysmCalc.csproj", "{F89F5938-E705-47F1-8C80-EE76774F45E6}"
EndProject
Global
	GlobalSection(SolutionConfigurationPlatforms) = preSolution
		Debug|Any CPU = Debug|Any CPU
		Release|Any CPU = Release|Any CPU
	EndGlobalSection
	GlobalSection(ProjectConfigurationPlatforms) = postSolution
		{F89F5938-E705-47F1-8C80-EE76774F45E6}.Debug|Any CPU.ActiveCfg = Debug|Any CPU
		{F89F5938-E705-47F1-8C80-EE76774F45E6}.Debug|Any CPU.Build.0 = Debug|Any CPU
		{F89F5938-E705-47F1-8C80-EE76774F45E6}.Release|Any CPU.ActiveCfg = Release|Any CPU
		{F89F5938-E705-47F1-8C80-EE76774F45E6}.Release|Any CPU.Build.0 = Release|Any CPU
	EndGlobalSection
	GlobalSection(SolutionProperties) = preSolution
		HideSolutionNode = FALSE
	EndGlobalSection
	GlobalSection(ExtensibilityGlobals) = postSolution
		SolutionGuid = {AF70434F-79E0-4FD0-8A04-5000696FB2FD}
	EndGlobalSection
EndGlobal
